// !$*UTF8*$!
{
	archiveVersion = 1;
	classes = {
	};
	objectVersion = 50;
	objects = {

/* Begin PBXBuildFile section */
		3B6EB851267BD24400979E6A /* CategoryTableViewController.swift in Sources */ = {isa = PBXBuildFile; fileRef = 3B6EB850267BD24400979E6A /* CategoryTableViewController.swift */; };
		3B6EB853267BD27400979E6A /* CategoryInnerTableViewController.swift in Sources */ = {isa = PBXBuildFile; fileRef = 3B6EB852267BD27400979E6A /* CategoryInnerTableViewController.swift */; };
		3B6EB855267BD43C00979E6A /* AssignmentsViewController.swift in Sources */ = {isa = PBXBuildFile; fileRef = 3B6EB854267BD43C00979E6A /* AssignmentsViewController.swift */; };
		3BD740D1267D9307006836CE /* AssignmentTableViewController.swift in Sources */ = {isa = PBXBuildFile; fileRef = 3BD740D0267D9307006836CE /* AssignmentTableViewController.swift */; };
		3BD740D3267DC5FA006836CE /* SettingViewController.swift in Sources */ = {isa = PBXBuildFile; fileRef = 3BD740D2267DC5FA006836CE /* SettingViewController.swift */; };
		3BD740D5267DC9C1006836CE /* Constants.swift in Sources */ = {isa = PBXBuildFile; fileRef = 3BD740D4267DC9C1006836CE /* Constants.swift */; };
		3BDAAE192672D01D00A1D356 /* AppDelegate.swift in Sources */ = {isa = PBXBuildFile; fileRef = 3BDAAE182672D01D00A1D356 /* AppDelegate.swift */; };
		3BDAAE1B2672D01D00A1D356 /* SceneDelegate.swift in Sources */ = {isa = PBXBuildFile; fileRef = 3BDAAE1A2672D01D00A1D356 /* SceneDelegate.swift */; };
		3BDAAE202672D01D00A1D356 /* Main.storyboard in Resources */ = {isa = PBXBuildFile; fileRef = 3BDAAE1E2672D01D00A1D356 /* Main.storyboard */; };
		3BDAAE232672D01D00A1D356 /* Planner.xcdatamodeld in Sources */ = {isa = PBXBuildFile; fileRef = 3BDAAE212672D01D00A1D356 /* Planner.xcdatamodeld */; };
		3BDAAE252672D01E00A1D356 /* Assets.xcassets in Resources */ = {isa = PBXBuildFile; fileRef = 3BDAAE242672D01E00A1D356 /* Assets.xcassets */; };
		3BDAAE282672D01E00A1D356 /* LaunchScreen.storyboard in Resources */ = {isa = PBXBuildFile; fileRef = 3BDAAE262672D01E00A1D356 /* LaunchScreen.storyboard */; };
/* End PBXBuildFile section */

/* Begin PBXFileReference section */
		3B6EB850267BD24400979E6A /* CategoryTableViewController.swift */ = {isa = PBXFileReference; lastKnownFileType = sourcecode.swift; path = CategoryTableViewController.swift; sourceTree = "<group>"; };
		3B6EB852267BD27400979E6A /* CategoryInnerTableViewController.swift */ = {isa = PBXFileReference; lastKnownFileType = sourcecode.swift; path = CategoryInnerTableViewController.swift; sourceTree = "<group>"; };
		3B6EB854267BD43C00979E6A /* AssignmentsViewController.swift */ = {isa = PBXFileReference; lastKnownFileType = sourcecode.swift; path = AssignmentsViewController.swift; sourceTree = "<group>"; };
		3BD740D0267D9307006836CE /* AssignmentTableViewController.swift */ = {isa = PBXFileReference; lastKnownFileType = sourcecode.swift; path = AssignmentTableViewController.swift; sourceTree = "<group>"; };
		3BD740D2267DC5FA006836CE /* SettingViewController.swift */ = {isa = PBXFileReference; lastKnownFileType = sourcecode.swift; path = SettingViewController.swift; sourceTree = "<group>"; };
		3BD740D4267DC9C1006836CE /* Constants.swift */ = {isa = PBXFileReference; lastKnownFileType = sourcecode.swift; path = Constants.swift; sourceTree = "<group>"; };
		3BDAAE152672D01D00A1D356 /* Planner.app */ = {isa = PBXFileReference; explicitFileType = wrapper.application; includeInIndex = 0; path = Planner.app; sourceTree = BUILT_PRODUCTS_DIR; };
		3BDAAE182672D01D00A1D356 /* AppDelegate.swift */ = {isa = PBXFileReference; lastKnownFileType = sourcecode.swift; path = AppDelegate.swift; sourceTree = "<group>"; };
		3BDAAE1A2672D01D00A1D356 /* SceneDelegate.swift */ = {isa = PBXFileReference; lastKnownFileType = sourcecode.swift; path = SceneDelegate.swift; sourceTree = "<group>"; };
		3BDAAE1F2672D01D00A1D356 /* Base */ = {isa = PBXFileReference; lastKnownFileType = file.storyboard; name = Base; path = Base.lproj/Main.storyboard; sourceTree = "<group>"; };
		3BDAAE222672D01D00A1D356 /* Planner.xcdatamodel */ = {isa = PBXFileReference; lastKnownFileType = wrapper.xcdatamodel; path = Planner.xcdatamodel; sourceTree = "<group>"; };
		3BDAAE242672D01E00A1D356 /* Assets.xcassets */ = {isa = PBXFileReference; lastKnownFileType = folder.assetcatalog; path = Assets.xcassets; sourceTree = "<group>"; };
		3BDAAE272672D01E00A1D356 /* Base */ = {isa = PBXFileReference; lastKnownFileType = file.storyboard; name = Base; path = Base.lproj/LaunchScreen.storyboard; sourceTree = "<group>"; };
		3BDAAE292672D01E00A1D356 /* Info.plist */ = {isa = PBXFileReference; lastKnownFileType = text.plist.xml; path = Info.plist; sourceTree = "<group>"; };
/* End PBXFileReference section */

/* Begin PBXFrameworksBuildPhase section */
		3BDAAE122672D01D00A1D356 /* Frameworks */ = {
			isa = PBXFrameworksBuildPhase;
			buildActionMask = 2147483647;
			files = (
			);
			runOnlyForDeploymentPostprocessing = 0;
		};
/* End PBXFrameworksBuildPhase section */

/* Begin PBXGroup section */
		3BDAAE0C2672D01D00A1D356 = {
			isa = PBXGroup;
			children = (
				3BDAAE172672D01D00A1D356 /* Planner */,
				3BDAAE162672D01D00A1D356 /* Products */,
			);
			sourceTree = "<group>";
		};
		3BDAAE162672D01D00A1D356 /* Products */ = {
			isa = PBXGroup;
			children = (
				3BDAAE152672D01D00A1D356 /* Planner.app */,
			);
			name = Products;
			sourceTree = "<group>";
		};
		3BDAAE172672D01D00A1D356 /* Planner */ = {
			isa = PBXGroup;
			children = (
				3BDAAE182672D01D00A1D356 /* AppDelegate.swift */,
				3BD740D0267D9307006836CE /* AssignmentTableViewController.swift */,
				3BDAAE1A2672D01D00A1D356 /* SceneDelegate.swift */,
				3BDAAE1E2672D01D00A1D356 /* Main.storyboard */,
				3BD740D2267DC5FA006836CE /* SettingViewController.swift */,
				3BD740D4267DC9C1006836CE /* Constants.swift */,
				3B6EB854267BD43C00979E6A /* AssignmentsViewController.swift */,
				3B6EB852267BD27400979E6A /* CategoryInnerTableViewController.swift */,
				3B6EB850267BD24400979E6A /* CategoryTableViewController.swift */,
				3BDAAE242672D01E00A1D356 /* Assets.xcassets */,
				3BDAAE262672D01E00A1D356 /* LaunchScreen.storyboard */,
				3BDAAE292672D01E00A1D356 /* Info.plist */,
				3BDAAE212672D01D00A1D356 /* Planner.xcdatamodeld */,
			);
			path = Planner;
			sourceTree = "<group>";
		};
/* End PBXGroup section */

/* Begin PBXNativeTarget section */
		3BDAAE142672D01D00A1D356 /* Planner */ = {
			isa = PBXNativeTarget;
			buildConfigurationList = 3BDAAE2C2672D01E00A1D356 /* Build configuration list for PBXNativeTarget "Planner" */;
			buildPhases = (
				3BDAAE112672D01D00A1D356 /* Sources */,
				3BDAAE122672D01D00A1D356 /* Frameworks */,
				3BDAAE132672D01D00A1D356 /* Resources */,
			);
			buildRules = (
			);
			dependencies = (
			);
			name = Planner;
			productName = Planner;
			productReference = 3BDAAE152672D01D00A1D356 /* Planner.app */;
			productType = "com.apple.product-type.application";
		};
/* End PBXNativeTarget section */

/* Begin PBXProject section */
		3BDAAE0D2672D01D00A1D356 /* Project object */ = {
			isa = PBXProject;
			attributes = {
				LastSwiftUpdateCheck = 1250;
				LastUpgradeCheck = 1250;
				TargetAttributes = {
					3BDAAE142672D01D00A1D356 = {
						CreatedOnToolsVersion = 12.5;
					};
				};
			};
			buildConfigurationList = 3BDAAE102672D01D00A1D356 /* Build configuration list for PBXProject "Planner" */;
			compatibilityVersion = "Xcode 9.3";
			developmentRegion = en;
			hasScannedForEncodings = 0;
			knownRegions = (
				en,
				Base,
			);
			mainGroup = 3BDAAE0C2672D01D00A1D356;
			productRefGroup = 3BDAAE162672D01D00A1D356 /* Products */;
			projectDirPath = "";
			projectRoot = "";
			targets = (
				3BDAAE142672D01D00A1D356 /* Planner */,
			);
		};
/* End PBXProject section */

/* Begin PBXResourcesBuildPhase section */
		3BDAAE132672D01D00A1D356 /* Resources */ = {
			isa = PBXResourcesBuildPhase;
			buildActionMask = 2147483647;
			files = (
				3BDAAE282672D01E00A1D356 /* LaunchScreen.storyboard in Resources */,
				3BDAAE252672D01E00A1D356 /* Assets.xcassets in Resources */,
				3BDAAE202672D01D00A1D356 /* Main.storyboard in Resources */,
			);
			runOnlyForDeploymentPostprocessing = 0;
		};
/* End PBXResourcesBuildPhase section */

/* Begin PBXSourcesBuildPhase section */
		3BDAAE112672D01D00A1D356 /* Sources */ = {
			isa = PBXSourcesBuildPhase;
			buildActionMask = 2147483647;
			files = (
				3B6EB853267BD27400979E6A /* CategoryInnerTableViewController.swift in Sources */,
				3BDAAE232672D01D00A1D356 /* Planner.xcdatamodeld in Sources */,
				3BDAAE192672D01D00A1D356 /* AppDelegate.swift in Sources */,
				3BD740D3267DC5FA006836CE /* SettingViewController.swift in Sources */,
				3BDAAE1B2672D01D00A1D356 /* SceneDelegate.swift in Sources */,
				3B6EB855267BD43C00979E6A /* AssignmentsViewController.swift in Sources */,
				3BD740D1267D9307006836CE /* AssignmentTableViewController.swift in Sources */,
				3B6EB851267BD24400979E6A /* CategoryTableViewController.swift in Sources */,
				3BD740D5267DC9C1006836CE /* Constants.swift in Sources */,
			);
			runOnlyForDeploymentPostprocessing = 0;
		};
/* End PBXSourcesBuildPhase section */

/* Begin PBXVariantGroup section */
		3BDAAE1E2672D01D00A1D356 /* Main.storyboard */ = {
			isa = PBXVariantGroup;
			children = (
				3BDAAE1F2672D01D00A1D356 /* Base */,
			);
			name = Main.storyboard;
			sourceTree = "<group>";
		};
		3BDAAE262672D01E00A1D356 /* LaunchScreen.storyboard */ = {
			isa = PBXVariantGroup;
			children = (
				3BDAAE272672D01E00A1D356 /* Base */,
			);
			name = LaunchScreen.storyboard;
			sourceTree = "<group>";
		};
/* End PBXVariantGroup section */

/* Begin XCBuildConfiguration section */
		3BDAAE2A2672D01E00A1D356 /* Debug */ = {
			isa = XCBuildConfiguration;
			buildSettings = {
				ALWAYS_SEARCH_USER_PATHS = NO;
				CLANG_ANALYZER_NONNULL = YES;
				CLANG_ANALYZER_NUMBER_OBJECT_CONVERSION = YES_AGGRESSIVE;
				CLANG_CXX_LANGUAGE_STANDARD = "gnu++14";
				CLANG_CXX_LIBRARY = "libc++";
				CLANG_ENABLE_MODULES = YES;
				CLANG_ENABLE_OBJC_ARC = YES;
				CLANG_ENABLE_OBJC_WEAK = YES;
				CLANG_WARN_BLOCK_CAPTURE_AUTORELEASING = YES;
				CLANG_WARN_BOOL_CONVERSION = YES;
				CLANG_WARN_COMMA = YES;
				CLANG_WARN_CONSTANT_CONVERSION = YES;
				CLANG_WARN_DEPRECATED_OBJC_IMPLEMENTATIONS = YES;
				CLANG_WARN_DIRECT_OBJC_ISA_USAGE = YES_ERROR;
				CLANG_WARN_DOCUMENTATION_COMMENTS = YES;
				CLANG_WARN_EMPTY_BODY = YES;
				CLANG_WARN_ENUM_CONVERSION = YES;
				CLANG_WARN_INFINITE_RECURSION = YES;
				CLANG_WARN_INT_CONVERSION = YES;
				CLANG_WARN_NON_LITERAL_NULL_CONVERSION = YES;
				CLANG_WARN_OBJC_IMPLICIT_RETAIN_SELF = YES;
				CLANG_WARN_OBJC_LITERAL_CONVERSION = YES;
				CLANG_WARN_OBJC_ROOT_CLASS = YES_ERROR;
				CLANG_WARN_QUOTED_INCLUDE_IN_FRAMEWORK_HEADER = YES;
				CLANG_WARN_RANGE_LOOP_ANALYSIS = YES;
				CLANG_WARN_STRICT_PROTOTYPES = YES;
				CLANG_WARN_SUSPICIOUS_MOVE = YES;
				CLANG_WARN_UNGUARDED_AVAILABILITY = YES_AGGRESSIVE;
				CLANG_WARN_UNREACHABLE_CODE = YES;
				CLANG_WARN__DUPLICATE_METHOD_MATCH = YES;
				COPY_PHASE_STRIP = NO;
				DEBUG_INFORMATION_FORMAT = dwarf;
				ENABLE_STRICT_OBJC_MSGSEND = YES;
				ENABLE_TESTABILITY = YES;
				GCC_C_LANGUAGE_STANDARD = gnu11;
				GCC_DYNAMIC_NO_PIC = NO;
				GCC_NO_COMMON_BLOCKS = YES;
				GCC_OPTIMIZATION_LEVEL = 0;
				GCC_PREPROCESSOR_DEFINITIONS = (
					"DEBUG=1",
					"$(inherited)",
				);
				GCC_WARN_64_TO_32_BIT_CONVERSION = YES;
				GCC_WARN_ABOUT_RETURN_TYPE = YES_ERROR;
				GCC_WARN_UNDECLARED_SELECTOR = YES;
				GCC_WARN_UNINITIALIZED_AUTOS = YES_AGGRESSIVE;
				GCC_WARN_UNUSED_FUNCTION = YES;
				GCC_WARN_UNUSED_VARIABLE = YES;
				IPHONEOS_DEPLOYMENT_TARGET = 14.5;
				MTL_ENABLE_DEBUG_INFO = INCLUDE_SOURCE;
				MTL_FAST_MATH = YES;
				ONLY_ACTIVE_ARCH = YES;
				SDKROOT = iphoneos;
				SWIFT_ACTIVE_COMPILATION_CONDITIONS = DEBUG;
				SWIFT_OPTIMIZATION_LEVEL = "-Onone";
			};
			name = Debug;
		};
		3BDAAE2B2672D01E00A1D356 /* Release */ = {
			isa = XCBuildConfiguration;
			buildSettings = {
				ALWAYS_SEARCH_USER_PATHS = NO;
				CLANG_ANALYZER_NONNULL = YES;
				CLANG_ANALYZER_NUMBER_OBJECT_CONVERSION = YES_AGGRESSIVE;
				CLANG_CXX_LANGUAGE_STANDARD = "gnu++14";
				CLANG_CXX_LIBRARY = "libc++";
				CLANG_ENABLE_MODULES = YES;
				CLANG_ENABLE_OBJC_ARC = YES;
				CLANG_ENABLE_OBJC_WEAK = YES;
				CLANG_WARN_BLOCK_CAPTURE_AUTORELEASING = YES;
				CLANG_WARN_BOOL_CONVERSION = YES;
				CLANG_WARN_COMMA = YES;
				CLANG_WARN_CONSTANT_CONVERSION = YES;
				CLANG_WARN_DEPRECATED_OBJC_IMPLEMENTATIONS = YES;
				CLANG_WARN_DIRECT_OBJC_ISA_USAGE = YES_ERROR;
				CLANG_WARN_DOCUMENTATION_COMMENTS = YES;
				CLANG_WARN_EMPTY_BODY = YES;
				CLANG_WARN_ENUM_CONVERSION = YES;
				CLANG_WARN_INFINITE_RECURSION = YES;
				CLANG_WARN_INT_CONVERSION = YES;
				CLANG_WARN_NON_LITERAL_NULL_CONVERSION = YES;
				CLANG_WARN_OBJC_IMPLICIT_RETAIN_SELF = YES;
				CLANG_WARN_OBJC_LITERAL_CONVERSION = YES;
				CLANG_WARN_OBJC_ROOT_CLASS = YES_ERROR;
				CLANG_WARN_QUOTED_INCLUDE_IN_FRAMEWORK_HEADER = YES;
				CLANG_WARN_RANGE_LOOP_ANALYSIS = YES;
				CLANG_WARN_STRICT_PROTOTYPES = YES;
				CLANG_WARN_SUSPICIOUS_MOVE = YES;
				CLANG_WARN_UNGUARDED_AVAILABILITY = YES_AGGRESSIVE;
				CLANG_WARN_UNREACHABLE_CODE = YES;
				CLANG_WARN__DUPLICATE_METHOD_MATCH = YES;
				COPY_PHASE_STRIP = NO;
				DEBUG_INFORMATION_FORMAT = "dwarf-with-dsym";
				ENABLE_NS_ASSERTIONS = NO;
				ENABLE_STRICT_OBJC_MSGSEND = YES;
				GCC_C_LANGUAGE_STANDARD = gnu11;
				GCC_NO_COMMON_BLOCKS = YES;
				GCC_WARN_64_TO_32_BIT_CONVERSION = YES;
				GCC_WARN_ABOUT_RETURN_TYPE = YES_ERROR;
				GCC_WARN_UNDECLARED_SELECTOR = YES;
				GCC_WARN_UNINITIALIZED_AUTOS = YES_AGGRESSIVE;
				GCC_WARN_UNUSED_FUNCTION = YES;
				GCC_WARN_UNUSED_VARIABLE = YES;
				IPHONEOS_DEPLOYMENT_TARGET = 14.5;
				MTL_ENABLE_DEBUG_INFO = NO;
				MTL_FAST_MATH = YES;
				SDKROOT = iphoneos;
				SWIFT_COMPILATION_MODE = wholemodule;
				SWIFT_OPTIMIZATION_LEVEL = "-O";
				VALIDATE_PRODUCT = YES;
			};
			name = Release;
		};
		3BDAAE2D2672D01E00A1D356 /* Debug */ = {
			isa = XCBuildConfiguration;
			buildSettings = {
				ASSETCATALOG_COMPILER_APPICON_NAME = AppIcon;
				ASSETCATALOG_COMPILER_GLOBAL_ACCENT_COLOR_NAME = AccentColor;
				CODE_SIGN_STYLE = Automatic;
				INFOPLIST_FILE = Planner/Info.plist;
				LD_RUNPATH_SEARCH_PATHS = (
					"$(inherited)",
					"@executable_path/Frameworks",
				);
				PRODUCT_BUNDLE_IDENTIFIER = "CSE-390.Planner";
				PRODUCT_NAME = "$(TARGET_NAME)";
				SWIFT_VERSION = 5.0;
				TARGETED_DEVICE_FAMILY = "1,2";
			};
			name = Debug;
		};
		3BDAAE2E2672D01E00A1D356 /* Release */ = {
			isa = XCBuildConfiguration;
			buildSettings = {
				ASSETCATALOG_COMPILER_APPICON_NAME = AppIcon;
				ASSETCATALOG_COMPILER_GLOBAL_ACCENT_COLOR_NAME = AccentColor;
				CODE_SIGN_STYLE = Automatic;
				INFOPLIST_FILE = Planner/Info.plist;
				LD_RUNPATH_SEARCH_PATHS = (
					"$(inherited)",
					"@executable_path/Frameworks",
				);
				PRODUCT_BUNDLE_IDENTIFIER = "CSE-390.Planner";
				PRODUCT_NAME = "$(TARGET_NAME)";
				SWIFT_VERSION = 5.0;
				TARGETED_DEVICE_FAMILY = "1,2";
			};
			name = Release;
		};
/* End XCBuildConfiguration section */

/* Begin XCConfigurationList section */
		3BDAAE102672D01D00A1D356 /* Build configuration list for PBXProject "Planner" */ = {
			isa = XCConfigurationList;
			buildConfigurations = (
				3BDAAE2A2672D01E00A1D356 /* Debug */,
				3BDAAE2B2672D01E00A1D356 /* Release */,
			);
			defaultConfigurationIsVisible = 0;
			defaultConfigurationName = Release;
		};
		3BDAAE2C2672D01E00A1D356 /* Build configuration list for PBXNativeTarget "Planner" */ = {
			isa = XCConfigurationList;
			buildConfigurations = (
				3BDAAE2D2672D01E00A1D356 /* Debug */,
				3BDAAE2E2672D01E00A1D356 /* Release */,
			);
			defaultConfigurationIsVisible = 0;
			defaultConfigurationName = Release;
		};
/* End XCConfigurationList section */

/* Begin XCVersionGroup section */
		3BDAAE212672D01D00A1D356 /* Planner.xcdatamodeld */ = {
			isa = XCVersionGroup;
			children = (
				3BDAAE222672D01D00A1D356 /* Planner.xcdatamodel */,
			);
			currentVersion = 3BDAAE222672D01D00A1D356 /* Planner.xcdatamodel */;
			path = Planner.xcdatamodeld;
			sourceTree = "<group>";
			versionGroupType = wrapper.xcdatamodel;
		};
/* End XCVersionGroup section */
	};
	rootObject = 3BDAAE0D2672D01D00A1D356 /* Project object */;
}
