// !$*UTF8*$!
{
	archiveVersion = 1;
	classes = {
	};
	objectVersion = 51;
	objects = {

/* Begin PBXBuildFile section */
		3B178E1726816AAE00E3A9ED /* AppDelegate.swift in Sources */ = {isa = PBXBuildFile; fileRef = 3B178E1626816AAE00E3A9ED /* AppDelegate.swift */; };
		3B178E1926816AAE00E3A9ED /* SceneDelegate.swift in Sources */ = {isa = PBXBuildFile; fileRef = 3B178E1826816AAE00E3A9ED /* SceneDelegate.swift */; };
		3B178E1E26816AAE00E3A9ED /* Main.storyboard in Resources */ = {isa = PBXBuildFile; fileRef = 3B178E1C26816AAE00E3A9ED /* Main.storyboard */; };
		3B178E2126816AAE00E3A9ED /* Restaurant.xcdatamodeld in Sources */ = {isa = PBXBuildFile; fileRef = 3B178E1F26816AAE00E3A9ED /* Restaurant.xcdatamodeld */; };
		3B178E2326816AAF00E3A9ED /* Assets.xcassets in Resources */ = {isa = PBXBuildFile; fileRef = 3B178E2226816AAF00E3A9ED /* Assets.xcassets */; };
		3B178E2626816AAF00E3A9ED /* LaunchScreen.storyboard in Resources */ = {isa = PBXBuildFile; fileRef = 3B178E2426816AAF00E3A9ED /* LaunchScreen.storyboard */; };
		3B99EF55268290A0003F5F96 /* TableViewController.swift in Sources */ = {isa = PBXBuildFile; fileRef = 3B99EF54268290A0003F5F96 /* TableViewController.swift */; };
		3B99EF57268290E2003F5F96 /* ReceiptTableViewController.swift in Sources */ = {isa = PBXBuildFile; fileRef = 3B99EF56268290E2003F5F96 /* ReceiptTableViewController.swift */; };
		3B99EF59268290FC003F5F96 /* SummaryViewController.swift in Sources */ = {isa = PBXBuildFile; fileRef = 3B99EF58268290FC003F5F96 /* SummaryViewController.swift */; };
		3B99EF5B26829551003F5F96 /* HistoryTableViewController.swift in Sources */ = {isa = PBXBuildFile; fileRef = 3B99EF5A26829551003F5F96 /* HistoryTableViewController.swift */; };
		3B99EF5D268295F1003F5F96 /* OrderViewController.swift in Sources */ = {isa = PBXBuildFile; fileRef = 3B99EF5C268295F1003F5F96 /* OrderViewController.swift */; };
		3B99EF5F26829630003F5F96 /* HistoryOrderViewController.swift in Sources */ = {isa = PBXBuildFile; fileRef = 3B99EF5E26829630003F5F96 /* HistoryOrderViewController.swift */; };
		3B99EF6126829736003F5F96 /* SettingsViewController.swift in Sources */ = {isa = PBXBuildFile; fileRef = 3B99EF6026829736003F5F96 /* SettingsViewController.swift */; };
		3B99EF632682AF30003F5F96 /* Constants.swift in Sources */ = {isa = PBXBuildFile; fileRef = 3B99EF622682AF30003F5F96 /* Constants.swift */; };
		3BC45E4826852F0100A887E0 /* Classes.swift in Sources */ = {isa = PBXBuildFile; fileRef = 3BC45E4726852F0100A887E0 /* Classes.swift */; };
		3BEA4BD82683A4EA00538305 /* GoogleService-Info.plist in Resources */ = {isa = PBXBuildFile; fileRef = 3BEA4BD72683A4EA00538305 /* GoogleService-Info.plist */; };
		88B086CD2DEAF4731AB4534D /* Pods_Restaurant.framework in Frameworks */ = {isa = PBXBuildFile; fileRef = 71D09384857A6B4DD2E5F0AA /* Pods_Restaurant.framework */; };
/* End PBXBuildFile section */

/* Begin PBXFileReference section */
		3B178E1326816AAE00E3A9ED /* Restaurant.app */ = {isa = PBXFileReference; explicitFileType = wrapper.application; includeInIndex = 0; path = Restaurant.app; sourceTree = BUILT_PRODUCTS_DIR; };
		3B178E1626816AAE00E3A9ED /* AppDelegate.swift */ = {isa = PBXFileReference; lastKnownFileType = sourcecode.swift; path = AppDelegate.swift; sourceTree = "<group>"; };
		3B178E1826816AAE00E3A9ED /* SceneDelegate.swift */ = {isa = PBXFileReference; lastKnownFileType = sourcecode.swift; path = SceneDelegate.swift; sourceTree = "<group>"; };
		3B178E1D26816AAE00E3A9ED /* Base */ = {isa = PBXFileReference; lastKnownFileType = file.storyboard; name = Base; path = Base.lproj/Main.storyboard; sourceTree = "<group>"; };
		3B178E2026816AAE00E3A9ED /* Restaurant.xcdatamodel */ = {isa = PBXFileReference; lastKnownFileType = wrapper.xcdatamodel; path = Restaurant.xcdatamodel; sourceTree = "<group>"; };
		3B178E2226816AAF00E3A9ED /* Assets.xcassets */ = {isa = PBXFileReference; lastKnownFileType = folder.assetcatalog; path = Assets.xcassets; sourceTree = "<group>"; };
		3B178E2526816AAF00E3A9ED /* Base */ = {isa = PBXFileReference; lastKnownFileType = file.storyboard; name = Base; path = Base.lproj/LaunchScreen.storyboard; sourceTree = "<group>"; };
		3B178E2726816AAF00E3A9ED /* Info.plist */ = {isa = PBXFileReference; lastKnownFileType = text.plist.xml; path = Info.plist; sourceTree = "<group>"; };
		3B99EF54268290A0003F5F96 /* TableViewController.swift */ = {isa = PBXFileReference; lastKnownFileType = sourcecode.swift; path = TableViewController.swift; sourceTree = "<group>"; };
		3B99EF56268290E2003F5F96 /* ReceiptTableViewController.swift */ = {isa = PBXFileReference; lastKnownFileType = sourcecode.swift; path = ReceiptTableViewController.swift; sourceTree = "<group>"; };
		3B99EF58268290FC003F5F96 /* SummaryViewController.swift */ = {isa = PBXFileReference; lastKnownFileType = sourcecode.swift; path = SummaryViewController.swift; sourceTree = "<group>"; };
		3B99EF5A26829551003F5F96 /* HistoryTableViewController.swift */ = {isa = PBXFileReference; lastKnownFileType = sourcecode.swift; path = HistoryTableViewController.swift; sourceTree = "<group>"; };
		3B99EF5C268295F1003F5F96 /* OrderViewController.swift */ = {isa = PBXFileReference; lastKnownFileType = sourcecode.swift; path = OrderViewController.swift; sourceTree = "<group>"; };
		3B99EF5E26829630003F5F96 /* HistoryOrderViewController.swift */ = {isa = PBXFileReference; lastKnownFileType = sourcecode.swift; path = HistoryOrderViewController.swift; sourceTree = "<group>"; };
		3B99EF6026829736003F5F96 /* SettingsViewController.swift */ = {isa = PBXFileReference; lastKnownFileType = sourcecode.swift; path = SettingsViewController.swift; sourceTree = "<group>"; };
		3B99EF622682AF30003F5F96 /* Constants.swift */ = {isa = PBXFileReference; lastKnownFileType = sourcecode.swift; path = Constants.swift; sourceTree = "<group>"; };
		3BC45E4726852F0100A887E0 /* Classes.swift */ = {isa = PBXFileReference; lastKnownFileType = sourcecode.swift; path = Classes.swift; sourceTree = "<group>"; };
		3BEA4BD72683A4EA00538305 /* GoogleService-Info.plist */ = {isa = PBXFileReference; fileEncoding = 4; lastKnownFileType = text.plist.xml; path = "GoogleService-Info.plist"; sourceTree = "<group>"; };
		577845F4CC18C7ADC1DDFC40 /* Pods-Restaurant.release.xcconfig */ = {isa = PBXFileReference; includeInIndex = 1; lastKnownFileType = text.xcconfig; name = "Pods-Restaurant.release.xcconfig"; path = "Target Support Files/Pods-Restaurant/Pods-Restaurant.release.xcconfig"; sourceTree = "<group>"; };
		71D09384857A6B4DD2E5F0AA /* Pods_Restaurant.framework */ = {isa = PBXFileReference; explicitFileType = wrapper.framework; includeInIndex = 0; path = Pods_Restaurant.framework; sourceTree = BUILT_PRODUCTS_DIR; };
		92A29507E8230CE463FF1313 /* Pods-Restaurant.debug.xcconfig */ = {isa = PBXFileReference; includeInIndex = 1; lastKnownFileType = text.xcconfig; name = "Pods-Restaurant.debug.xcconfig"; path = "Target Support Files/Pods-Restaurant/Pods-Restaurant.debug.xcconfig"; sourceTree = "<group>"; };
/* End PBXFileReference section */

/* Begin PBXFrameworksBuildPhase section */
		3B178E1026816AAE00E3A9ED /* Frameworks */ = {
			isa = PBXFrameworksBuildPhase;
			buildActionMask = 2147483647;
			files = (
				88B086CD2DEAF4731AB4534D /* Pods_Restaurant.framework in Frameworks */,
			);
			runOnlyForDeploymentPostprocessing = 0;
		};
/* End PBXFrameworksBuildPhase section */

/* Begin PBXGroup section */
		3B178E0A26816AAE00E3A9ED = {
			isa = PBXGroup;
			children = (
				3B178E1526816AAE00E3A9ED /* Restaurant */,
				3B178E1426816AAE00E3A9ED /* Products */,
				F7BDDEAE850E7A3A7727EBF0 /* Pods */,
				7CA3659427A5C509B6F26768 /* Frameworks */,
			);
			sourceTree = "<group>";
		};
		3B178E1426816AAE00E3A9ED /* Products */ = {
			isa = PBXGroup;
			children = (
				3B178E1326816AAE00E3A9ED /* Restaurant.app */,
			);
			name = Products;
			sourceTree = "<group>";
		};
		3B178E1526816AAE00E3A9ED /* Restaurant */ = {
			isa = PBXGroup;
			children = (
				3B178E1626816AAE00E3A9ED /* AppDelegate.swift */,
				3B178E1826816AAE00E3A9ED /* SceneDelegate.swift */,
				3B178E1C26816AAE00E3A9ED /* Main.storyboard */,
				3B99EF622682AF30003F5F96 /* Constants.swift */,
				3BC45E4726852F0100A887E0 /* Classes.swift */,
				3B99EF6026829736003F5F96 /* SettingsViewController.swift */,
				3B99EF5E26829630003F5F96 /* HistoryOrderViewController.swift */,
				3B99EF5C268295F1003F5F96 /* OrderViewController.swift */,
				3B99EF5A26829551003F5F96 /* HistoryTableViewController.swift */,
				3B99EF58268290FC003F5F96 /* SummaryViewController.swift */,
				3B99EF56268290E2003F5F96 /* ReceiptTableViewController.swift */,
				3B99EF54268290A0003F5F96 /* TableViewController.swift */,
				3B178E2226816AAF00E3A9ED /* Assets.xcassets */,
				3B178E2426816AAF00E3A9ED /* LaunchScreen.storyboard */,
				3BEA4BD72683A4EA00538305 /* GoogleService-Info.plist */,
				3B178E2726816AAF00E3A9ED /* Info.plist */,
				3B178E1F26816AAE00E3A9ED /* Restaurant.xcdatamodeld */,
			);
			path = Restaurant;
			sourceTree = "<group>";
		};
		7CA3659427A5C509B6F26768 /* Frameworks */ = {
			isa = PBXGroup;
			children = (
				71D09384857A6B4DD2E5F0AA /* Pods_Restaurant.framework */,
			);
			name = Frameworks;
			sourceTree = "<group>";
		};
		F7BDDEAE850E7A3A7727EBF0 /* Pods */ = {
			isa = PBXGroup;
			children = (
				92A29507E8230CE463FF1313 /* Pods-Restaurant.debug.xcconfig */,
				577845F4CC18C7ADC1DDFC40 /* Pods-Restaurant.release.xcconfig */,
			);
			path = Pods;
			sourceTree = "<group>";
		};
/* End PBXGroup section */

/* Begin PBXNativeTarget section */
		3B178E1226816AAE00E3A9ED /* Restaurant */ = {
			isa = PBXNativeTarget;
			buildConfigurationList = 3B178E2A26816AAF00E3A9ED /* Build configuration list for PBXNativeTarget "Restaurant" */;
			buildPhases = (
				C1C4C59B3ACCDE799F13EDCF /* [CP] Check Pods Manifest.lock */,
				3B178E0F26816AAE00E3A9ED /* Sources */,
				3B178E1026816AAE00E3A9ED /* Frameworks */,
				3B178E1126816AAE00E3A9ED /* Resources */,
				FDA32EC7CE9F4E3C68723186 /* [CP] Embed Pods Frameworks */,
			);
			buildRules = (
			);
			dependencies = (
			);
			name = Restaurant;
			productName = Restaurant;
			productReference = 3B178E1326816AAE00E3A9ED /* Restaurant.app */;
			productType = "com.apple.product-type.application";
		};
/* End PBXNativeTarget section */

/* Begin PBXProject section */
		3B178E0B26816AAE00E3A9ED /* Project object */ = {
			isa = PBXProject;
			attributes = {
				LastSwiftUpdateCheck = 1250;
				LastUpgradeCheck = 1250;
				TargetAttributes = {
					3B178E1226816AAE00E3A9ED = {
						CreatedOnToolsVersion = 12.5;
					};
				};
			};
			buildConfigurationList = 3B178E0E26816AAE00E3A9ED /* Build configuration list for PBXProject "Restaurant" */;
			compatibilityVersion = "Xcode 9.3";
			developmentRegion = en;
			hasScannedForEncodings = 0;
			knownRegions = (
				en,
				Base,
			);
			mainGroup = 3B178E0A26816AAE00E3A9ED;
			productRefGroup = 3B178E1426816AAE00E3A9ED /* Products */;
			projectDirPath = "";
			projectRoot = "";
			targets = (
				3B178E1226816AAE00E3A9ED /* Restaurant */,
			);
		};
/* End PBXProject section */

/* Begin PBXResourcesBuildPhase section */
		3B178E1126816AAE00E3A9ED /* Resources */ = {
			isa = PBXResourcesBuildPhase;
			buildActionMask = 2147483647;
			files = (
				3B178E2626816AAF00E3A9ED /* LaunchScreen.storyboard in Resources */,
				3BEA4BD82683A4EA00538305 /* GoogleService-Info.plist in Resources */,
				3B178E2326816AAF00E3A9ED /* Assets.xcassets in Resources */,
				3B178E1E26816AAE00E3A9ED /* Main.storyboard in Resources */,
			);
			runOnlyForDeploymentPostprocessing = 0;
		};
/* End PBXResourcesBuildPhase section */

/* Begin PBXShellScriptBuildPhase section */
		C1C4C59B3ACCDE799F13EDCF /* [CP] Check Pods Manifest.lock */ = {
			isa = PBXShellScriptBuildPhase;
			buildActionMask = 2147483647;
			files = (
			);
			inputFileListPaths = (
			);
			inputPaths = (
				"${PODS_PODFILE_DIR_PATH}/Podfile.lock",
				"${PODS_ROOT}/Manifest.lock",
			);
			name = "[CP] Check Pods Manifest.lock";
			outputFileListPaths = (
			);
			outputPaths = (
				"$(DERIVED_FILE_DIR)/Pods-Restaurant-checkManifestLockResult.txt",
			);
			runOnlyForDeploymentPostprocessing = 0;
			shellPath = /bin/sh;
			shellScript = "diff \"${PODS_PODFILE_DIR_PATH}/Podfile.lock\" \"${PODS_ROOT}/Manifest.lock\" > /dev/null\nif [ $? != 0 ] ; then\n    # print error to STDERR\n    echo \"error: The sandbox is not in sync with the Podfile.lock. Run 'pod install' or update your CocoaPods installation.\" >&2\n    exit 1\nfi\n# This output is used by Xcode 'outputs' to avoid re-running this script phase.\necho \"SUCCESS\" > \"${SCRIPT_OUTPUT_FILE_0}\"\n";
			showEnvVarsInLog = 0;
		};
		FDA32EC7CE9F4E3C68723186 /* [CP] Embed Pods Frameworks */ = {
			isa = PBXShellScriptBuildPhase;
			buildActionMask = 2147483647;
			files = (
			);
			inputFileListPaths = (
				"${PODS_ROOT}/Target Support Files/Pods-Restaurant/Pods-Restaurant-frameworks-${CONFIGURATION}-input-files.xcfilelist",
			);
			name = "[CP] Embed Pods Frameworks";
			outputFileListPaths = (
				"${PODS_ROOT}/Target Support Files/Pods-Restaurant/Pods-Restaurant-frameworks-${CONFIGURATION}-output-files.xcfilelist",
			);
			runOnlyForDeploymentPostprocessing = 0;
			shellPath = /bin/sh;
			shellScript = "\"${PODS_ROOT}/Target Support Files/Pods-Restaurant/Pods-Restaurant-frameworks.sh\"\n";
			showEnvVarsInLog = 0;
		};
/* End PBXShellScriptBuildPhase section */

/* Begin PBXSourcesBuildPhase section */
		3B178E0F26816AAE00E3A9ED /* Sources */ = {
			isa = PBXSourcesBuildPhase;
			buildActionMask = 2147483647;
			files = (
				3B99EF5B26829551003F5F96 /* HistoryTableViewController.swift in Sources */,
				3B99EF632682AF30003F5F96 /* Constants.swift in Sources */,
				3B178E2126816AAE00E3A9ED /* Restaurant.xcdatamodeld in Sources */,
				3B99EF57268290E2003F5F96 /* ReceiptTableViewController.swift in Sources */,
				3B99EF6126829736003F5F96 /* SettingsViewController.swift in Sources */,
				3BC45E4826852F0100A887E0 /* Classes.swift in Sources */,
				3B178E1726816AAE00E3A9ED /* AppDelegate.swift in Sources */,
				3B99EF55268290A0003F5F96 /* TableViewController.swift in Sources */,
				3B99EF59268290FC003F5F96 /* SummaryViewController.swift in Sources */,
				3B178E1926816AAE00E3A9ED /* SceneDelegate.swift in Sources */,
				3B99EF5D268295F1003F5F96 /* OrderViewController.swift in Sources */,
				3B99EF5F26829630003F5F96 /* HistoryOrderViewController.swift in Sources */,
			);
			runOnlyForDeploymentPostprocessing = 0;
		};
/* End PBXSourcesBuildPhase section */

/* Begin PBXVariantGroup section */
		3B178E1C26816AAE00E3A9ED /* Main.storyboard */ = {
			isa = PBXVariantGroup;
			children = (
				3B178E1D26816AAE00E3A9ED /* Base */,
			);
			name = Main.storyboard;
			sourceTree = "<group>";
		};
		3B178E2426816AAF00E3A9ED /* LaunchScreen.storyboard */ = {
			isa = PBXVariantGroup;
			children = (
				3B178E2526816AAF00E3A9ED /* Base */,
			);
			name = LaunchScreen.storyboard;
			sourceTree = "<group>";
		};
/* End PBXVariantGroup section */

/* Begin XCBuildConfiguration section */
		3B178E2826816AAF00E3A9ED /* Debug */ = {
			isa = XCBuildConfiguration;
			buildSettings = {
				ALWAYS_SEARCH_USER_PATHS = NO;
				CLANG_ANALYZER_NONNULL = YES;
				CLANG_ANALYZER_NUMBER_OBJECT_CONVERSION = YES_AGGRESSIVE;
				CLANG_CXX_LANGUAGE_STANDARD = "gnu++14";
				CLANG_CXX_LIBRARY = "libc++";
				CLANG_ENABLE_MODULES = YES;
				CLANG_ENABLE_OBJC_ARC = YES;
				CLANG_ENABLE_OBJC_WEAK = YES;
				CLANG_WARN_BLOCK_CAPTURE_AUTORELEASING = YES;
				CLANG_WARN_BOOL_CONVERSION = YES;
				CLANG_WARN_COMMA = YES;
				CLANG_WARN_CONSTANT_CONVERSION = YES;
				CLANG_WARN_DEPRECATED_OBJC_IMPLEMENTATIONS = YES;
				CLANG_WARN_DIRECT_OBJC_ISA_USAGE = YES_ERROR;
				CLANG_WARN_DOCUMENTATION_COMMENTS = YES;
				CLANG_WARN_EMPTY_BODY = YES;
				CLANG_WARN_ENUM_CONVERSION = YES;
				CLANG_WARN_INFINITE_RECURSION = YES;
				CLANG_WARN_INT_CONVERSION = YES;
				CLANG_WARN_NON_LITERAL_NULL_CONVERSION = YES;
				CLANG_WARN_OBJC_IMPLICIT_RETAIN_SELF = YES;
				CLANG_WARN_OBJC_LITERAL_CONVERSION = YES;
				CLANG_WARN_OBJC_ROOT_CLASS = YES_ERROR;
				CLANG_WARN_QUOTED_INCLUDE_IN_FRAMEWORK_HEADER = YES;
				CLANG_WARN_RANGE_LOOP_ANALYSIS = YES;
				CLANG_WARN_STRICT_PROTOTYPES = YES;
				CLANG_WARN_SUSPICIOUS_MOVE = YES;
				CLANG_WARN_UNGUARDED_AVAILABILITY = YES_AGGRESSIVE;
				CLANG_WARN_UNREACHABLE_CODE = YES;
				CLANG_WARN__DUPLICATE_METHOD_MATCH = YES;
				COPY_PHASE_STRIP = NO;
				DEBUG_INFORMATION_FORMAT = dwarf;
				ENABLE_STRICT_OBJC_MSGSEND = YES;
				ENABLE_TESTABILITY = YES;
				GCC_C_LANGUAGE_STANDARD = gnu11;
				GCC_DYNAMIC_NO_PIC = NO;
				GCC_NO_COMMON_BLOCKS = YES;
				GCC_OPTIMIZATION_LEVEL = 0;
				GCC_PREPROCESSOR_DEFINITIONS = (
					"DEBUG=1",
					"$(inherited)",
				);
				GCC_WARN_64_TO_32_BIT_CONVERSION = YES;
				GCC_WARN_ABOUT_RETURN_TYPE = YES_ERROR;
				GCC_WARN_UNDECLARED_SELECTOR = YES;
				GCC_WARN_UNINITIALIZED_AUTOS = YES_AGGRESSIVE;
				GCC_WARN_UNUSED_FUNCTION = YES;
				GCC_WARN_UNUSED_VARIABLE = YES;
				IPHONEOS_DEPLOYMENT_TARGET = 14.5;
				MTL_ENABLE_DEBUG_INFO = INCLUDE_SOURCE;
				MTL_FAST_MATH = YES;
				ONLY_ACTIVE_ARCH = YES;
				SDKROOT = iphoneos;
				SWIFT_ACTIVE_COMPILATION_CONDITIONS = DEBUG;
				SWIFT_OPTIMIZATION_LEVEL = "-Onone";
			};
			name = Debug;
		};
		3B178E2926816AAF00E3A9ED /* Release */ = {
			isa = XCBuildConfiguration;
			buildSettings = {
				ALWAYS_SEARCH_USER_PATHS = NO;
				CLANG_ANALYZER_NONNULL = YES;
				CLANG_ANALYZER_NUMBER_OBJECT_CONVERSION = YES_AGGRESSIVE;
				CLANG_CXX_LANGUAGE_STANDARD = "gnu++14";
				CLANG_CXX_LIBRARY = "libc++";
				CLANG_ENABLE_MODULES = YES;
				CLANG_ENABLE_OBJC_ARC = YES;
				CLANG_ENABLE_OBJC_WEAK = YES;
				CLANG_WARN_BLOCK_CAPTURE_AUTORELEASING = YES;
				CLANG_WARN_BOOL_CONVERSION = YES;
				CLANG_WARN_COMMA = YES;
				CLANG_WARN_CONSTANT_CONVERSION = YES;
				CLANG_WARN_DEPRECATED_OBJC_IMPLEMENTATIONS = YES;
				CLANG_WARN_DIRECT_OBJC_ISA_USAGE = YES_ERROR;
				CLANG_WARN_DOCUMENTATION_COMMENTS = YES;
				CLANG_WARN_EMPTY_BODY = YES;
				CLANG_WARN_ENUM_CONVERSION = YES;
				CLANG_WARN_INFINITE_RECURSION = YES;
				CLANG_WARN_INT_CONVERSION = YES;
				CLANG_WARN_NON_LITERAL_NULL_CONVERSION = YES;
				CLANG_WARN_OBJC_IMPLICIT_RETAIN_SELF = YES;
				CLANG_WARN_OBJC_LITERAL_CONVERSION = YES;
				CLANG_WARN_OBJC_ROOT_CLASS = YES_ERROR;
				CLANG_WARN_QUOTED_INCLUDE_IN_FRAMEWORK_HEADER = YES;
				CLANG_WARN_RANGE_LOOP_ANALYSIS = YES;
				CLANG_WARN_STRICT_PROTOTYPES = YES;
				CLANG_WARN_SUSPICIOUS_MOVE = YES;
				CLANG_WARN_UNGUARDED_AVAILABILITY = YES_AGGRESSIVE;
				CLANG_WARN_UNREACHABLE_CODE = YES;
				CLANG_WARN__DUPLICATE_METHOD_MATCH = YES;
				COPY_PHASE_STRIP = NO;
				DEBUG_INFORMATION_FORMAT = "dwarf-with-dsym";
				ENABLE_NS_ASSERTIONS = NO;
				ENABLE_STRICT_OBJC_MSGSEND = YES;
				GCC_C_LANGUAGE_STANDARD = gnu11;
				GCC_NO_COMMON_BLOCKS = YES;
				GCC_WARN_64_TO_32_BIT_CONVERSION = YES;
				GCC_WARN_ABOUT_RETURN_TYPE = YES_ERROR;
				GCC_WARN_UNDECLARED_SELECTOR = YES;
				GCC_WARN_UNINITIALIZED_AUTOS = YES_AGGRESSIVE;
				GCC_WARN_UNUSED_FUNCTION = YES;
				GCC_WARN_UNUSED_VARIABLE = YES;
				IPHONEOS_DEPLOYMENT_TARGET = 14.5;
				MTL_ENABLE_DEBUG_INFO = NO;
				MTL_FAST_MATH = YES;
				SDKROOT = iphoneos;
				SWIFT_COMPILATION_MODE = wholemodule;
				SWIFT_OPTIMIZATION_LEVEL = "-O";
				VALIDATE_PRODUCT = YES;
			};
			name = Release;
		};
		3B178E2B26816AAF00E3A9ED /* Debug */ = {
			isa = XCBuildConfiguration;
			baseConfigurationReference = 92A29507E8230CE463FF1313 /* Pods-Restaurant.debug.xcconfig */;
			buildSettings = {
				ASSETCATALOG_COMPILER_APPICON_NAME = AppIcon;
				ASSETCATALOG_COMPILER_GLOBAL_ACCENT_COLOR_NAME = AccentColor;
				CODE_SIGN_STYLE = Automatic;
				INFOPLIST_FILE = Restaurant/Info.plist;
				LD_RUNPATH_SEARCH_PATHS = (
					"$(inherited)",
					"@executable_path/Frameworks",
				);
				PRODUCT_BUNDLE_IDENTIFIER = "CSE-390.Restaurant";
				PRODUCT_NAME = "$(TARGET_NAME)";
				SWIFT_VERSION = 5.0;
				TARGETED_DEVICE_FAMILY = "1,2";
			};
			name = Debug;
		};
		3B178E2C26816AAF00E3A9ED /* Release */ = {
			isa = XCBuildConfiguration;
			baseConfigurationReference = 577845F4CC18C7ADC1DDFC40 /* Pods-Restaurant.release.xcconfig */;
			buildSettings = {
				ASSETCATALOG_COMPILER_APPICON_NAME = AppIcon;
				ASSETCATALOG_COMPILER_GLOBAL_ACCENT_COLOR_NAME = AccentColor;
				CODE_SIGN_STYLE = Automatic;
				INFOPLIST_FILE = Restaurant/Info.plist;
				LD_RUNPATH_SEARCH_PATHS = (
					"$(inherited)",
					"@executable_path/Frameworks",
				);
				PRODUCT_BUNDLE_IDENTIFIER = "CSE-390.Restaurant";
				PRODUCT_NAME = "$(TARGET_NAME)";
				SWIFT_VERSION = 5.0;
				TARGETED_DEVICE_FAMILY = "1,2";
			};
			name = Release;
		};
/* End XCBuildConfiguration section */

/* Begin XCConfigurationList section */
		3B178E0E26816AAE00E3A9ED /* Build configuration list for PBXProject "Restaurant" */ = {
			isa = XCConfigurationList;
			buildConfigurations = (
				3B178E2826816AAF00E3A9ED /* Debug */,
				3B178E2926816AAF00E3A9ED /* Release */,
			);
			defaultConfigurationIsVisible = 0;
			defaultConfigurationName = Release;
		};
		3B178E2A26816AAF00E3A9ED /* Build configuration list for PBXNativeTarget "Restaurant" */ = {
			isa = XCConfigurationList;
			buildConfigurations = (
				3B178E2B26816AAF00E3A9ED /* Debug */,
				3B178E2C26816AAF00E3A9ED /* Release */,
			);
			defaultConfigurationIsVisible = 0;
			defaultConfigurationName = Release;
		};
/* End XCConfigurationList section */

/* Begin XCVersionGroup section */
		3B178E1F26816AAE00E3A9ED /* Restaurant.xcdatamodeld */ = {
			isa = XCVersionGroup;
			children = (
				3B178E2026816AAE00E3A9ED /* Restaurant.xcdatamodel */,
			);
			currentVersion = 3B178E2026816AAE00E3A9ED /* Restaurant.xcdatamodel */;
			path = Restaurant.xcdatamodeld;
			sourceTree = "<group>";
			versionGroupType = wrapper.xcdatamodel;
		};
/* End XCVersionGroup section */
	};
	rootObject = 3B178E0B26816AAE00E3A9ED /* Project object */;
}
